{
  "nodes": {
    "nixpkgs": {
      "locked": {
        "lastModified": 1691475599,
        "narHash": "sha256-O56+bd4/Xem69A7DSB0WTfdatBBpjM2QQ8D6HCqAVdc=",
        "owner": "NixOS",
        "repo": "nixpkgs",
        "rev": "8d8822b4d8081228212d1e9f213ce2dcb00dbcd8",
        "type": "github"
      },
      "original": {
        "id": "nixpkgs",
        "ref": "release-23.05",
        "type": "indirect"
      }
    },
    "root": {
      "inputs": {
        "nixpkgs": "nixpkgs"
      }
    }
  },
  "root": "root",
  "version": 7
}
